Microsoft Visual Studio Solution File, Format Version 11.00
# Visual Studio 2008

Project("{E5AF9717-2893-E102-A4AD-58F4C4C4334E}") = "RACE GAME", "Assembly-CSharp.csproj", "{6CE99D05-C467-F81C-EA53-A594A2143A30}"
EndProject
Global
	GlobalSection(SolutionConfigurationPlatforms) = preSolution
		Debug|Any CPU = Debug|Any CPU
		Release|Any CPU = Release|Any CPU
	EndGlobalSection
	GlobalSection(ProjectConfigurationPlatforms) = postSolution
		{6CE99D05-C467-F81C-EA53-A594A2143A30}.Debug|Any CPU.ActiveCfg = Debug|Any CPU
		{6CE99D05-C467-F81C-EA53-A594A2143A30}.Debug|Any CPU.Build.0 = Debug|Any CPU
		{6CE99D05-C467-F81C-EA53-A594A2143A30}.Release|Any CPU.ActiveCfg = Release|Any CPU
		{6CE99D05-C467-F81C-EA53-A594A2143A30}.Release|Any CPU.Build.0 = Release|Any CPU
	EndGlobalSection
	GlobalSection(SolutionProperties) = preSolution
		HideSolutionNode = FALSE
	EndGlobalSection
	GlobalSection(MonoDevelopProperties) = preSolution
		StartupItem = Assembly-CSharp.csproj
	EndGlobalSection
EndGlobal
